
Microsoft Visual Studio Solution File, Format Version 12.00
# Visual Studio Version 17
VisualStudioVersion = 17.9.34622.214
MinimumVisualStudioVersion = 10.0.40219.1
Project("{FAE04EC0-301F-11D3-BF4B-00C04F79EFBC}") = "01_MainSubjects", "01_MainSubjects\01_MainSubjects.csproj", "{B1BC16DE-C11A-424E-9BB3-B675BED29485}"
EndProject
Project("{FAE04EC0-301F-11D3-BF4B-00C04F79EFBC}") = "02_Variables", "Variables\02_Variables.csproj", "{3AB3C2AE-CE5A-4A45-BD49-58B6A8A1A437}"
EndProject
Project("{FAE04EC0-301F-11D3-BF4B-00C04F79EFBC}") = "03_MakingDecision", "03_MakingDecision\03_MakingDecision.csproj", "{3AD1E951-37D7-4493-8AB1-7384896E42A8}"
EndProject
Project("{FAE04EC0-301F-11D3-BF4B-00C04F79EFBC}") = "04_Loops", "04_Loops\04_Loops.csproj", "{1452606B-2795-482E-824B-DC51A48432B1}"
EndProject
Project("{FAE04EC0-301F-11D3-BF4B-00C04F79EFBC}") = "05_LoopsWithStars", "05_LoopsWithStars\05_LoopsWithStars.csproj", "{431AF6B8-9D43-4B75-9BB8-9EF08E7D2B08}"
EndProject
Project("{FAE04EC0-301F-11D3-BF4B-00C04F79EFBC}") = "06_Arrays", "06_Arrays\06_Arrays.csproj", "{8C14E8C7-0C28-4F12-B4EC-DED2E073EE14}"
EndProject
Project("{FAE04EC0-301F-11D3-BF4B-00C04F79EFBC}") = "07_ForeachLoop", "07_ForeachLoop\07_ForeachLoop.csproj", "{140002E5-6B14-4ED5-AE0C-C376A629E9DB}"
EndProject
Project("{FAE04EC0-301F-11D3-BF4B-00C04F79EFBC}") = "08_Methods", "08_Methods\08_Methods.csproj", "{E4149AE5-3BB1-41D7-9554-D4239AEE3BC0}"
EndProject
Global
	GlobalSection(SolutionConfigurationPlatforms) = preSolution
		Debug|Any CPU = Debug|Any CPU
		Release|Any CPU = Release|Any CPU
	EndGlobalSection
	GlobalSection(ProjectConfigurationPlatforms) = postSolution
		{B1BC16DE-C11A-424E-9BB3-B675BED29485}.Debug|Any CPU.ActiveCfg = Debug|Any CPU
		{B1BC16DE-C11A-424E-9BB3-B675BED29485}.Debug|Any CPU.Build.0 = Debug|Any CPU
		{B1BC16DE-C11A-424E-9BB3-B675BED29485}.Release|Any CPU.ActiveCfg = Release|Any CPU
		{B1BC16DE-C11A-424E-9BB3-B675BED29485}.Release|Any CPU.Build.0 = Release|Any CPU
		{3AB3C2AE-CE5A-4A45-BD49-58B6A8A1A437}.Debug|Any CPU.ActiveCfg = Debug|Any CPU
		{3AB3C2AE-CE5A-4A45-BD49-58B6A8A1A437}.Debug|Any CPU.Build.0 = Debug|Any CPU
		{3AB3C2AE-CE5A-4A45-BD49-58B6A8A1A437}.Release|Any CPU.ActiveCfg = Release|Any CPU
		{3AB3C2AE-CE5A-4A45-BD49-58B6A8A1A437}.Release|Any CPU.Build.0 = Release|Any CPU
		{3AD1E951-37D7-4493-8AB1-7384896E42A8}.Debug|Any CPU.ActiveCfg = Debug|Any CPU
		{3AD1E951-37D7-4493-8AB1-7384896E42A8}.Debug|Any CPU.Build.0 = Debug|Any CPU
		{3AD1E951-37D7-4493-8AB1-7384896E42A8}.Release|Any CPU.ActiveCfg = Release|Any CPU
		{3AD1E951-37D7-4493-8AB1-7384896E42A8}.Release|Any CPU.Build.0 = Release|Any CPU
		{1452606B-2795-482E-824B-DC51A48432B1}.Debug|Any CPU.ActiveCfg = Debug|Any CPU
		{1452606B-2795-482E-824B-DC51A48432B1}.Debug|Any CPU.Build.0 = Debug|Any CPU
		{1452606B-2795-482E-824B-DC51A48432B1}.Release|Any CPU.ActiveCfg = Release|Any CPU
		{1452606B-2795-482E-824B-DC51A48432B1}.Release|Any CPU.Build.0 = Release|Any CPU
		{431AF6B8-9D43-4B75-9BB8-9EF08E7D2B08}.Debug|Any CPU.ActiveCfg = Debug|Any CPU
		{431AF6B8-9D43-4B75-9BB8-9EF08E7D2B08}.Debug|Any CPU.Build.0 = Debug|Any CPU
		{431AF6B8-9D43-4B75-9BB8-9EF08E7D2B08}.Release|Any CPU.ActiveCfg = Release|Any CPU
		{431AF6B8-9D43-4B75-9BB8-9EF08E7D2B08}.Release|Any CPU.Build.0 = Release|Any CPU
		{8C14E8C7-0C28-4F12-B4EC-DED2E073EE14}.Debug|Any CPU.ActiveCfg = Debug|Any CPU
		{8C14E8C7-0C28-4F12-B4EC-DED2E073EE14}.Debug|Any CPU.Build.0 = Debug|Any CPU
		{8C14E8C7-0C28-4F12-B4EC-DED2E073EE14}.Release|Any CPU.ActiveCfg = Release|Any CPU
		{8C14E8C7-0C28-4F12-B4EC-DED2E073EE14}.Release|Any CPU.Build.0 = Release|Any CPU
		{140002E5-6B14-4ED5-AE0C-C376A629E9DB}.Debug|Any CPU.ActiveCfg = Debug|Any CPU
		{140002E5-6B14-4ED5-AE0C-C376A629E9DB}.Debug|Any CPU.Build.0 = Debug|Any CPU
		{140002E5-6B14-4ED5-AE0C-C376A629E9DB}.Release|Any CPU.ActiveCfg = Release|Any CPU
		{140002E5-6B14-4ED5-AE0C-C376A629E9DB}.Release|Any CPU.Build.0 = Release|Any CPU
		{E4149AE5-3BB1-41D7-9554-D4239AEE3BC0}.Debug|Any CPU.ActiveCfg = Debug|Any CPU
		{E4149AE5-3BB1-41D7-9554-D4239AEE3BC0}.Debug|Any CPU.Build.0 = Debug|Any CPU
		{E4149AE5-3BB1-41D7-9554-D4239AEE3BC0}.Release|Any CPU.ActiveCfg = Release|Any CPU
		{E4149AE5-3BB1-41D7-9554-D4239AEE3BC0}.Release|Any CPU.Build.0 = Release|Any CPU
	EndGlobalSection
	GlobalSection(SolutionProperties) = preSolution
		HideSolutionNode = FALSE
	EndGlobalSection
	GlobalSection(ExtensibilityGlobals) = postSolution
		SolutionGuid = {57C0F002-7306-42CE-B720-8C7953F7FCA3}
	EndGlobalSection
EndGlobal
