
Microsoft Visual Studio Solution File, Format Version 12.00
# Visual Studio Version 17
VisualStudioVersion = 17.9.34622.214
MinimumVisualStudioVersion = 10.0.40219.1
Project("{FAE04EC0-301F-11D3-BF4B-00C04F79EFBC}") = "01_MainSubjects", "01_MainSubjects\01_MainSubjects.csproj", "{B1BC16DE-C11A-424E-9BB3-B675BED29485}"
EndProject
Project("{FAE04EC0-301F-11D3-BF4B-00C04F79EFBC}") = "02_Variables", "Variables\02_Variables.csproj", "{3AB3C2AE-CE5A-4A45-BD49-58B6A8A1A437}"
EndProject
Project("{FAE04EC0-301F-11D3-BF4B-00C04F79EFBC}") = "03_MakingDecision", "03_MakingDecision\03_MakingDecision.csproj", "{3AD1E951-37D7-4493-8AB1-7384896E42A8}"
EndProject
Global
	GlobalSection(SolutionConfigurationPlatforms) = preSolution
		Debug|Any CPU = Debug|Any CPU
		Release|Any CPU = Release|Any CPU
	EndGlobalSection
	GlobalSection(ProjectConfigurationPlatforms) = postSolution
		{B1BC16DE-C11A-424E-9BB3-B675BED29485}.Debug|Any CPU.ActiveCfg = Debug|Any CPU
		{B1BC16DE-C11A-424E-9BB3-B675BED29485}.Debug|Any CPU.Build.0 = Debug|Any CPU
		{B1BC16DE-C11A-424E-9BB3-B675BED29485}.Release|Any CPU.ActiveCfg = Release|Any CPU
		{B1BC16DE-C11A-424E-9BB3-B675BED29485}.Release|Any CPU.Build.0 = Release|Any CPU
		{3AB3C2AE-CE5A-4A45-BD49-58B6A8A1A437}.Debug|Any CPU.ActiveCfg = Debug|Any CPU
		{3AB3C2AE-CE5A-4A45-BD49-58B6A8A1A437}.Debug|Any CPU.Build.0 = Debug|Any CPU
		{3AB3C2AE-CE5A-4A45-BD49-58B6A8A1A437}.Release|Any CPU.ActiveCfg = Release|Any CPU
		{3AB3C2AE-CE5A-4A45-BD49-58B6A8A1A437}.Release|Any CPU.Build.0 = Release|Any CPU
		{3AD1E951-37D7-4493-8AB1-7384896E42A8}.Debug|Any CPU.ActiveCfg = Debug|Any CPU
		{3AD1E951-37D7-4493-8AB1-7384896E42A8}.Debug|Any CPU.Build.0 = Debug|Any CPU
		{3AD1E951-37D7-4493-8AB1-7384896E42A8}.Release|Any CPU.ActiveCfg = Release|Any CPU
		{3AD1E951-37D7-4493-8AB1-7384896E42A8}.Release|Any CPU.Build.0 = Release|Any CPU
	EndGlobalSection
	GlobalSection(SolutionProperties) = preSolution
		HideSolutionNode = FALSE
	EndGlobalSection
	GlobalSection(ExtensibilityGlobals) = postSolution
		SolutionGuid = {57C0F002-7306-42CE-B720-8C7953F7FCA3}
	EndGlobalSection
EndGlobal
